
Microsoft Visual Studio Solution File, Format Version 12.00
# Visual Studio Version 16
VisualStudioVersion = 16.0.33214.272
MinimumVisualStudioVersion = 10.0.40219.1
Project("{FAE04EC0-301F-11D3-BF4B-00C04F79EFBC}") = "Shopping World", "Shopping World\Shopping World.csproj", "{BECC4EB4-7EF0-4334-9B6F-AA30F5F4902D}"
EndProject
Project("{FAE04EC0-301F-11D3-BF4B-00C04F79EFBC}") = "DataAccess", "DataAccess\DataAccess.csproj", "{BA9037E6-7E2E-4BE5-A59B-2DB2BF223AC7}"
EndProject
Project("{FAE04EC0-301F-11D3-BF4B-00C04F79EFBC}") = "DataModels", "DataModels\DataModels.csproj", "{FDCDB52C-1875-44AE-AC90-F7741D73D82C}"
EndProject
Project("{FAE04EC0-301F-11D3-BF4B-00C04F79EFBC}") = "Services", "Services\Services.csproj", "{D838DBCF-DCE6-4116-B0B6-607B1B6131E7}"
EndProject
Project("{FAE04EC0-301F-11D3-BF4B-00C04F79EFBC}") = "Utilities", "Utilities\Utilities.csproj", "{2D52D0D8-BF7C-45E0-ACA0-4E08EACE03DE}"
EndProject
Global
	GlobalSection(SolutionConfigurationPlatforms) = preSolution
		Debug|Any CPU = Debug|Any CPU
		Release|Any CPU = Release|Any CPU
	EndGlobalSection
	GlobalSection(ProjectConfigurationPlatforms) = postSolution
		{BECC4EB4-7EF0-4334-9B6F-AA30F5F4902D}.Debug|Any CPU.ActiveCfg = Debug|Any CPU
		{BECC4EB4-7EF0-4334-9B6F-AA30F5F4902D}.Debug|Any CPU.Build.0 = Debug|Any CPU
		{BECC4EB4-7EF0-4334-9B6F-AA30F5F4902D}.Release|Any CPU.ActiveCfg = Release|Any CPU
		{BECC4EB4-7EF0-4334-9B6F-AA30F5F4902D}.Release|Any CPU.Build.0 = Release|Any CPU
		{BA9037E6-7E2E-4BE5-A59B-2DB2BF223AC7}.Debug|Any CPU.ActiveCfg = Debug|Any CPU
		{BA9037E6-7E2E-4BE5-A59B-2DB2BF223AC7}.Debug|Any CPU.Build.0 = Debug|Any CPU
		{BA9037E6-7E2E-4BE5-A59B-2DB2BF223AC7}.Release|Any CPU.ActiveCfg = Release|Any CPU
		{BA9037E6-7E2E-4BE5-A59B-2DB2BF223AC7}.Release|Any CPU.Build.0 = Release|Any CPU
		{FDCDB52C-1875-44AE-AC90-F7741D73D82C}.Debug|Any CPU.ActiveCfg = Debug|Any CPU
		{FDCDB52C-1875-44AE-AC90-F7741D73D82C}.Debug|Any CPU.Build.0 = Debug|Any CPU
		{FDCDB52C-1875-44AE-AC90-F7741D73D82C}.Release|Any CPU.ActiveCfg = Release|Any CPU
		{FDCDB52C-1875-44AE-AC90-F7741D73D82C}.Release|Any CPU.Build.0 = Release|Any CPU
		{D838DBCF-DCE6-4116-B0B6-607B1B6131E7}.Debug|Any CPU.ActiveCfg = Debug|Any CPU
		{D838DBCF-DCE6-4116-B0B6-607B1B6131E7}.Debug|Any CPU.Build.0 = Debug|Any CPU
		{D838DBCF-DCE6-4116-B0B6-607B1B6131E7}.Release|Any CPU.ActiveCfg = Release|Any CPU
		{D838DBCF-DCE6-4116-B0B6-607B1B6131E7}.Release|Any CPU.Build.0 = Release|Any CPU
		{2D52D0D8-BF7C-45E0-ACA0-4E08EACE03DE}.Debug|Any CPU.ActiveCfg = Debug|Any CPU
		{2D52D0D8-BF7C-45E0-ACA0-4E08EACE03DE}.Debug|Any CPU.Build.0 = Debug|Any CPU
		{2D52D0D8-BF7C-45E0-ACA0-4E08EACE03DE}.Release|Any CPU.ActiveCfg = Release|Any CPU
		{2D52D0D8-BF7C-45E0-ACA0-4E08EACE03DE}.Release|Any CPU.Build.0 = Release|Any CPU
	EndGlobalSection
	GlobalSection(SolutionProperties) = preSolution
		HideSolutionNode = FALSE
	EndGlobalSection
	GlobalSection(ExtensibilityGlobals) = postSolution
		SolutionGuid = {D8CB57EA-BC67-4F19-BA50-981DB31CCC31}
	EndGlobalSection
EndGlobal
